// !$*UTF8*$!
{
	archiveVersion = 1;
	classes = {
	};
	objectVersion = 46;
	objects = {

/* Begin PBXBuildFile section */
		59B760AC1E6DF6B7003C3FD8 /* AppDelegate.swift in Sources */ = {isa = PBXBuildFile; fileRef = 59B760AB1E6DF6B7003C3FD8 /* AppDelegate.swift */; };
		59B760AE1E6DF6B7003C3FD8 /* ViewController.swift in Sources */ = {isa = PBXBuildFile; fileRef = 59B760AD1E6DF6B7003C3FD8 /* ViewController.swift */; };
		59B760B11E6DF6B7003C3FD8 /* Main.storyboard in Resources */ = {isa = PBXBuildFile; fileRef = 59B760AF1E6DF6B7003C3FD8 /* Main.storyboard */; };
		59B760B31E6DF6B7003C3FD8 /* Assets.xcassets in Resources */ = {isa = PBXBuildFile; fileRef = 59B760B21E6DF6B7003C3FD8 /* Assets.xcassets */; };
		59B760B61E6DF6B7003C3FD8 /* LaunchScreen.storyboard in Resources */ = {isa = PBXBuildFile; fileRef = 59B760B41E6DF6B7003C3FD8 /* LaunchScreen.storyboard */; };
		F098E58DECA8E5EC402475E1 /* Pods_Guidance.framework in Frameworks */ = {isa = PBXBuildFile; fileRef = 5255C2AB3D5741EA415BB95F /* Pods_Guidance.framework */; };
/* End PBXBuildFile section */

/* Begin PBXFileReference section */
		5255C2AB3D5741EA415BB95F /* Pods_Guidance.framework */ = {isa = PBXFileReference; explicitFileType = wrapper.framework; includeInIndex = 0; path = Pods_Guidance.framework; sourceTree = BUILT_PRODUCTS_DIR; };
		59B760A81E6DF6B7003C3FD8 /* Guidance.app */ = {isa = PBXFileReference; explicitFileType = wrapper.application; includeInIndex = 0; path = Guidance.app; sourceTree = BUILT_PRODUCTS_DIR; };
		59B760AB1E6DF6B7003C3FD8 /* AppDelegate.swift */ = {isa = PBXFileReference; lastKnownFileType = sourcecode.swift; path = AppDelegate.swift; sourceTree = "<group>"; };
		59B760AD1E6DF6B7003C3FD8 /* ViewController.swift */ = {isa = PBXFileReference; lastKnownFileType = sourcecode.swift; path = ViewController.swift; sourceTree = "<group>"; };
		59B760B01E6DF6B7003C3FD8 /* Base */ = {isa = PBXFileReference; lastKnownFileType = file.storyboard; name = Base; path = Base.lproj/Main.storyboard; sourceTree = "<group>"; };
		59B760B21E6DF6B7003C3FD8 /* Assets.xcassets */ = {isa = PBXFileReference; lastKnownFileType = folder.assetcatalog; path = Assets.xcassets; sourceTree = "<group>"; };
		59B760B51E6DF6B7003C3FD8 /* Base */ = {isa = PBXFileReference; lastKnownFileType = file.storyboard; name = Base; path = Base.lproj/LaunchScreen.storyboard; sourceTree = "<group>"; };
		59B760B71E6DF6B7003C3FD8 /* Info.plist */ = {isa = PBXFileReference; lastKnownFileType = text.plist.xml; path = Info.plist; sourceTree = "<group>"; };
		A779E67AA3BAFB1C7AD01D27 /* Pods-Guidance.debug.xcconfig */ = {isa = PBXFileReference; includeInIndex = 1; lastKnownFileType = text.xcconfig; name = "Pods-Guidance.debug.xcconfig"; path = "Pods/Target Support Files/Pods-Guidance/Pods-Guidance.debug.xcconfig"; sourceTree = "<group>"; };
		E36D88347FEC6EFAAD0B277B /* Pods-Guidance.release.xcconfig */ = {isa = PBXFileReference; includeInIndex = 1; lastKnownFileType = text.xcconfig; name = "Pods-Guidance.release.xcconfig"; path = "Pods/Target Support Files/Pods-Guidance/Pods-Guidance.release.xcconfig"; sourceTree = "<group>"; };
/* End PBXFileReference section */

/* Begin PBXFrameworksBuildPhase section */
		59B760A51E6DF6B7003C3FD8 /* Frameworks */ = {
			isa = PBXFrameworksBuildPhase;
			buildActionMask = 2147483647;
			files = (
				F098E58DECA8E5EC402475E1 /* Pods_Guidance.framework in Frameworks */,
			);
			runOnlyForDeploymentPostprocessing = 0;
		};
/* End PBXFrameworksBuildPhase section */

/* Begin PBXGroup section */
		40E4383F788FC4E0F62C0DD4 /* Frameworks */ = {
			isa = PBXGroup;
			children = (
				5255C2AB3D5741EA415BB95F /* Pods_Guidance.framework */,
			);
			name = Frameworks;
			sourceTree = "<group>";
		};
		59B7609F1E6DF6B7003C3FD8 = {
			isa = PBXGroup;
			children = (
				59B760AA1E6DF6B7003C3FD8 /* Guidance */,
				59B760A91E6DF6B7003C3FD8 /* Products */,
				B665D1C36C51BA79035DD502 /* Pods */,
				40E4383F788FC4E0F62C0DD4 /* Frameworks */,
			);
			sourceTree = "<group>";
		};
		59B760A91E6DF6B7003C3FD8 /* Products */ = {
			isa = PBXGroup;
			children = (
				59B760A81E6DF6B7003C3FD8 /* Guidance.app */,
			);
			name = Products;
			sourceTree = "<group>";
		};
		59B760AA1E6DF6B7003C3FD8 /* Guidance */ = {
			isa = PBXGroup;
			children = (
				59B760AB1E6DF6B7003C3FD8 /* AppDelegate.swift */,
				59B760AD1E6DF6B7003C3FD8 /* ViewController.swift */,
				59B760AF1E6DF6B7003C3FD8 /* Main.storyboard */,
				59B760B21E6DF6B7003C3FD8 /* Assets.xcassets */,
				59B760B41E6DF6B7003C3FD8 /* LaunchScreen.storyboard */,
				59B760B71E6DF6B7003C3FD8 /* Info.plist */,
			);
			path = Guidance;
			sourceTree = "<group>";
		};
		B665D1C36C51BA79035DD502 /* Pods */ = {
			isa = PBXGroup;
			children = (
				A779E67AA3BAFB1C7AD01D27 /* Pods-Guidance.debug.xcconfig */,
				E36D88347FEC6EFAAD0B277B /* Pods-Guidance.release.xcconfig */,
			);
			name = Pods;
			sourceTree = "<group>";
		};
/* End PBXGroup section */

/* Begin PBXNativeTarget section */
		59B760A71E6DF6B7003C3FD8 /* Guidance */ = {
			isa = PBXNativeTarget;
			buildConfigurationList = 59B760BA1E6DF6B7003C3FD8 /* Build configuration list for PBXNativeTarget "Guidance" */;
			buildPhases = (
				105913CFE4BD7D49A57946BF /* [CP] Check Pods Manifest.lock */,
				59B760A41E6DF6B7003C3FD8 /* Sources */,
				59B760A51E6DF6B7003C3FD8 /* Frameworks */,
				59B760A61E6DF6B7003C3FD8 /* Resources */,
				E36D7A14E2B12D063F341AD0 /* [CP] Embed Pods Frameworks */,
				6D60B52E475781519886E905 /* [CP] Copy Pods Resources */,
			);
			buildRules = (
			);
			dependencies = (
			);
			name = Guidance;
			productName = Guidance;
			productReference = 59B760A81E6DF6B7003C3FD8 /* Guidance.app */;
			productType = "com.apple.product-type.application";
		};
/* End PBXNativeTarget section */

/* Begin PBXProject section */
		59B760A01E6DF6B7003C3FD8 /* Project object */ = {
			isa = PBXProject;
			attributes = {
				LastSwiftUpdateCheck = 0730;
				LastUpgradeCheck = 0730;
				TargetAttributes = {
					59B760A71E6DF6B7003C3FD8 = {
						CreatedOnToolsVersion = 7.3.1;
						DevelopmentTeam = G78T3DJN9Z;
					};
				};
			};
			buildConfigurationList = 59B760A31E6DF6B7003C3FD8 /* Build configuration list for PBXProject "Guidance" */;
			compatibilityVersion = "Xcode 3.2";
			developmentRegion = English;
			hasScannedForEncodings = 0;
			knownRegions = (
				en,
				Base,
			);
			mainGroup = 59B7609F1E6DF6B7003C3FD8;
			productRefGroup = 59B760A91E6DF6B7003C3FD8 /* Products */;
			projectDirPath = "";
			projectRoot = "";
			targets = (
				59B760A71E6DF6B7003C3FD8 /* Guidance */,
			);
		};
/* End PBXProject section */

/* Begin PBXResourcesBuildPhase section */
		59B760A61E6DF6B7003C3FD8 /* Resources */ = {
			isa = PBXResourcesBuildPhase;
			buildActionMask = 2147483647;
			files = (
				59B760B61E6DF6B7003C3FD8 /* LaunchScreen.storyboard in Resources */,
				59B760B31E6DF6B7003C3FD8 /* Assets.xcassets in Resources */,
				59B760B11E6DF6B7003C3FD8 /* Main.storyboard in Resources */,
			);
			runOnlyForDeploymentPostprocessing = 0;
		};
/* End PBXResourcesBuildPhase section */

/* Begin PBXShellScriptBuildPhase section */
		105913CFE4BD7D49A57946BF /* [CP] Check Pods Manifest.lock */ = {
			isa = PBXShellScriptBuildPhase;
			buildActionMask = 2147483647;
			files = (
			);
			inputPaths = (
			);
			name = "[CP] Check Pods Manifest.lock";
			outputPaths = (
			);
			runOnlyForDeploymentPostprocessing = 0;
			shellPath = /bin/sh;
			shellScript = "diff \"${PODS_ROOT}/../Podfile.lock\" \"${PODS_ROOT}/Manifest.lock\" > /dev/null\nif [ $? != 0 ] ; then\n    # print error to STDERR\n    echo \"error: The sandbox is not in sync with the Podfile.lock. Run 'pod install' or update your CocoaPods installation.\" >&2\n    exit 1\nfi\n";
			showEnvVarsInLog = 0;
		};
		6D60B52E475781519886E905 /* [CP] Copy Pods Resources */ = {
			isa = PBXShellScriptBuildPhase;
			buildActionMask = 2147483647;
			files = (
			);
			inputPaths = (
			);
			name = "[CP] Copy Pods Resources";
			outputPaths = (
			);
			runOnlyForDeploymentPostprocessing = 0;
			shellPath = /bin/sh;
			shellScript = "\"${SRCROOT}/Pods/Target Support Files/Pods-Guidance/Pods-Guidance-resources.sh\"\n";
			showEnvVarsInLog = 0;
		};
		E36D7A14E2B12D063F341AD0 /* [CP] Embed Pods Frameworks */ = {
			isa = PBXShellScriptBuildPhase;
			buildActionMask = 2147483647;
			files = (
			);
			inputPaths = (
			);
			name = "[CP] Embed Pods Frameworks";
			outputPaths = (
			);
			runOnlyForDeploymentPostprocessing = 0;
			shellPath = /bin/sh;
			shellScript = "\"${SRCROOT}/Pods/Target Support Files/Pods-Guidance/Pods-Guidance-frameworks.sh\"\n";
			showEnvVarsInLog = 0;
		};
/* End PBXShellScriptBuildPhase section */

/* Begin PBXSourcesBuildPhase section */
		59B760A41E6DF6B7003C3FD8 /* Sources */ = {
			isa = PBXSourcesBuildPhase;
			buildActionMask = 2147483647;
			files = (
				59B760AE1E6DF6B7003C3FD8 /* ViewController.swift in Sources */,
				59B760AC1E6DF6B7003C3FD8 /* AppDelegate.swift in Sources */,
			);
			runOnlyForDeploymentPostprocessing = 0;
		};
/* End PBXSourcesBuildPhase section */

/* Begin PBXVariantGroup section */
		59B760AF1E6DF6B7003C3FD8 /* Main.storyboard */ = {
			isa = PBXVariantGroup;
			children = (
				59B760B01E6DF6B7003C3FD8 /* Base */,
			);
			name = Main.storyboard;
			sourceTree = "<group>";
		};
		59B760B41E6DF6B7003C3FD8 /* LaunchScreen.storyboard */ = {
			isa = PBXVariantGroup;
			children = (
				59B760B51E6DF6B7003C3FD8 /* Base */,
			);
			name = LaunchScreen.storyboard;
			sourceTree = "<group>";
		};
/* End PBXVariantGroup section */

/* Begin XCBuildConfiguration section */
		59B760B81E6DF6B7003C3FD8 /* Debug */ = {
			isa = XCBuildConfiguration;
			buildSettings = {
				ALWAYS_SEARCH_USER_PATHS = NO;
				CLANG_ANALYZER_NONNULL = YES;
				CLANG_CXX_LANGUAGE_STANDARD = "gnu++0x";
				CLANG_CXX_LIBRARY = "libc++";
				CLANG_ENABLE_MODULES = YES;
				CLANG_ENABLE_OBJC_ARC = YES;
				CLANG_WARN_BOOL_CONVERSION = YES;
				CLANG_WARN_CONSTANT_CONVERSION = YES;
				CLANG_WARN_DIRECT_OBJC_ISA_USAGE = YES_ERROR;
				CLANG_WARN_EMPTY_BODY = YES;
				CLANG_WARN_ENUM_CONVERSION = YES;
				CLANG_WARN_INT_CONVERSION = YES;
				CLANG_WARN_OBJC_ROOT_CLASS = YES_ERROR;
				CLANG_WARN_UNREACHABLE_CODE = YES;
				CLANG_WARN__DUPLICATE_METHOD_MATCH = YES;
				"CODE_SIGN_IDENTITY[sdk=iphoneos*]" = "iPhone Developer";
				COPY_PHASE_STRIP = NO;
				DEBUG_INFORMATION_FORMAT = dwarf;
				ENABLE_STRICT_OBJC_MSGSEND = YES;
				ENABLE_TESTABILITY = YES;
				GCC_C_LANGUAGE_STANDARD = gnu99;
				GCC_DYNAMIC_NO_PIC = NO;
				GCC_NO_COMMON_BLOCKS = YES;
				GCC_OPTIMIZATION_LEVEL = 0;
				GCC_PREPROCESSOR_DEFINITIONS = (
					"DEBUG=1",
					"$(inherited)",
				);
				GCC_WARN_64_TO_32_BIT_CONVERSION = YES;
				GCC_WARN_ABOUT_RETURN_TYPE = YES_ERROR;
				GCC_WARN_UNDECLARED_SELECTOR = YES;
				GCC_WARN_UNINITIALIZED_AUTOS = YES_AGGRESSIVE;
				GCC_WARN_UNUSED_FUNCTION = YES;
				GCC_WARN_UNUSED_VARIABLE = YES;
				IPHONEOS_DEPLOYMENT_TARGET = 9.3;
				MTL_ENABLE_DEBUG_INFO = YES;
				ONLY_ACTIVE_ARCH = YES;
				SDKROOT = iphoneos;
				SWIFT_OPTIMIZATION_LEVEL = "-Onone";
			};
			name = Debug;
		};
		59B760B91E6DF6B7003C3FD8 /* Release */ = {
			isa = XCBuildConfiguration;
			buildSettings = {
				ALWAYS_SEARCH_USER_PATHS = NO;
				CLANG_ANALYZER_NONNULL = YES;
				CLANG_CXX_LANGUAGE_STANDARD = "gnu++0x";
				CLANG_CXX_LIBRARY = "libc++";
				CLANG_ENABLE_MODULES = YES;
				CLANG_ENABLE_OBJC_ARC = YES;
				CLANG_WARN_BOOL_CONVERSION = YES;
				CLANG_WARN_CONSTANT_CONVERSION = YES;
				CLANG_WARN_DIRECT_OBJC_ISA_USAGE = YES_ERROR;
				CLANG_WARN_EMPTY_BODY = YES;
				CLANG_WARN_ENUM_CONVERSION = YES;
				CLANG_WARN_INT_CONVERSION = YES;
				CLANG_WARN_OBJC_ROOT_CLASS = YES_ERROR;
				CLANG_WARN_UNREACHABLE_CODE = YES;
				CLANG_WARN__DUPLICATE_METHOD_MATCH = YES;
				"CODE_SIGN_IDENTITY[sdk=iphoneos*]" = "iPhone Developer";
				COPY_PHASE_STRIP = NO;
				DEBUG_INFORMATION_FORMAT = "dwarf-with-dsym";
				ENABLE_NS_ASSERTIONS = NO;
				ENABLE_STRICT_OBJC_MSGSEND = YES;
				GCC_C_LANGUAGE_STANDARD = gnu99;
				GCC_NO_COMMON_BLOCKS = YES;
				GCC_WARN_64_TO_32_BIT_CONVERSION = YES;
				GCC_WARN_ABOUT_RETURN_TYPE = YES_ERROR;
				GCC_WARN_UNDECLARED_SELECTOR = YES;
				GCC_WARN_UNINITIALIZED_AUTOS = YES_AGGRESSIVE;
				GCC_WARN_UNUSED_FUNCTION = YES;
				GCC_WARN_UNUSED_VARIABLE = YES;
				IPHONEOS_DEPLOYMENT_TARGET = 9.3;
				MTL_ENABLE_DEBUG_INFO = NO;
				SDKROOT = iphoneos;
				VALIDATE_PRODUCT = YES;
			};
			name = Release;
		};
		59B760BB1E6DF6B7003C3FD8 /* Debug */ = {
			isa = XCBuildConfiguration;
			baseConfigurationReference = A779E67AA3BAFB1C7AD01D27 /* Pods-Guidance.debug.xcconfig */;
			buildSettings = {
				ASSETCATALOG_COMPILER_APPICON_NAME = AppIcon;
				INFOPLIST_FILE = Guidance/Info.plist;
				IPHONEOS_DEPLOYMENT_TARGET = 8.0;
				LD_RUNPATH_SEARCH_PATHS = "$(inherited) @executable_path/Frameworks";
				PRODUCT_BUNDLE_IDENTIFIER = com.guidance.Guidance;
				PRODUCT_NAME = "$(TARGET_NAME)";
			};
			name = Debug;
		};
		59B760BC1E6DF6B7003C3FD8 /* Release */ = {
			isa = XCBuildConfiguration;
			baseConfigurationReference = E36D88347FEC6EFAAD0B277B /* Pods-Guidance.release.xcconfig */;
			buildSettings = {
				ASSETCATALOG_COMPILER_APPICON_NAME = AppIcon;
				INFOPLIST_FILE = Guidance/Info.plist;
				IPHONEOS_DEPLOYMENT_TARGET = 8.0;
				LD_RUNPATH_SEARCH_PATHS = "$(inherited) @executable_path/Frameworks";
				PRODUCT_BUNDLE_IDENTIFIER = com.guidance.Guidance;
				PRODUCT_NAME = "$(TARGET_NAME)";
			};
			name = Release;
		};
/* End XCBuildConfiguration section */

/* Begin XCConfigurationList section */
		59B760A31E6DF6B7003C3FD8 /* Build configuration list for PBXProject "Guidance" */ = {
			isa = XCConfigurationList;
			buildConfigurations = (
				59B760B81E6DF6B7003C3FD8 /* Debug */,
				59B760B91E6DF6B7003C3FD8 /* Release */,
			);
			defaultConfigurationIsVisible = 0;
			defaultConfigurationName = Release;
		};
		59B760BA1E6DF6B7003C3FD8 /* Build configuration list for PBXNativeTarget "Guidance" */ = {
			isa = XCConfigurationList;
			buildConfigurations = (
				59B760BB1E6DF6B7003C3FD8 /* Debug */,
				59B760BC1E6DF6B7003C3FD8 /* Release */,
			);
			defaultConfigurationIsVisible = 0;
		};
/* End XCConfigurationList section */
	};
	rootObject = 59B760A01E6DF6B7003C3FD8 /* Project object */;
}
